// !$*UTF8*$!
{
	archiveVersion = 1;
	classes = {
	};
	objectVersion = 50;
	objects = {

/* Begin PBXBuildFile section */
		3BC5BED19293A30609FDDCFA /* libPods-MyGit.a in Frameworks */ = {isa = PBXBuildFile; fileRef = 2CE687F44FFB0D4447BF16B1 /* libPods-MyGit.a */; };
		5681E9E62356D27A00000790 /* AppDelegate.m in Sources */ = {isa = PBXBuildFile; fileRef = 5681E9E52356D27A00000790 /* AppDelegate.m */; };
		5681E9E92356D27A00000790 /* ViewController.m in Sources */ = {isa = PBXBuildFile; fileRef = 5681E9E82356D27A00000790 /* ViewController.m */; };
		5681E9EC2356D27A00000790 /* Main.storyboard in Resources */ = {isa = PBXBuildFile; fileRef = 5681E9EA2356D27A00000790 /* Main.storyboard */; };
		5681E9EE2356D27F00000790 /* Assets.xcassets in Resources */ = {isa = PBXBuildFile; fileRef = 5681E9ED2356D27F00000790 /* Assets.xcassets */; };
		5681E9F12356D27F00000790 /* LaunchScreen.storyboard in Resources */ = {isa = PBXBuildFile; fileRef = 5681E9EF2356D27F00000790 /* LaunchScreen.storyboard */; };
		5681E9F42356D27F00000790 /* main.m in Sources */ = {isa = PBXBuildFile; fileRef = 5681E9F32356D27F00000790 /* main.m */; };
		5681E9FE2356D27F00000790 /* MyGitTests.m in Sources */ = {isa = PBXBuildFile; fileRef = 5681E9FD2356D27F00000790 /* MyGitTests.m */; };
		5681EA092356D27F00000790 /* MyGitUITests.m in Sources */ = {isa = PBXBuildFile; fileRef = 5681EA082356D27F00000790 /* MyGitUITests.m */; };
		B1BA14C2CC6E540A25C05705 /* libPods-MyGitUITests.a in Frameworks */ = {isa = PBXBuildFile; fileRef = 30969BAD54DBE07F871F6C20 /* libPods-MyGitUITests.a */; };
		F1AE0E116A9B6A3C48B359BB /* libPods-MyGitTests.a in Frameworks */ = {isa = PBXBuildFile; fileRef = CEB7A2CCC4EE995A6171218F /* libPods-MyGitTests.a */; };
/* End PBXBuildFile section */

/* Begin PBXContainerItemProxy section */
		5681E9FA2356D27F00000790 /* PBXContainerItemProxy */ = {
			isa = PBXContainerItemProxy;
			containerPortal = 5681E9D92356D27A00000790 /* Project object */;
			proxyType = 1;
			remoteGlobalIDString = 5681E9E02356D27A00000790;
			remoteInfo = MyGit;
		};
		5681EA052356D27F00000790 /* PBXContainerItemProxy */ = {
			isa = PBXContainerItemProxy;
			containerPortal = 5681E9D92356D27A00000790 /* Project object */;
			proxyType = 1;
			remoteGlobalIDString = 5681E9E02356D27A00000790;
			remoteInfo = MyGit;
		};
/* End PBXContainerItemProxy section */

/* Begin PBXFileReference section */
		0AC50BC2B152034D81E15720 /* Pods-MyGitTests.debug.xcconfig */ = {isa = PBXFileReference; includeInIndex = 1; lastKnownFileType = text.xcconfig; name = "Pods-MyGitTests.debug.xcconfig"; path = "Target Support Files/Pods-MyGitTests/Pods-MyGitTests.debug.xcconfig"; sourceTree = "<group>"; };
		21DB9DC320D9F8C43BB05F05 /* Pods-MyGit.debug.xcconfig */ = {isa = PBXFileReference; includeInIndex = 1; lastKnownFileType = text.xcconfig; name = "Pods-MyGit.debug.xcconfig"; path = "Target Support Files/Pods-MyGit/Pods-MyGit.debug.xcconfig"; sourceTree = "<group>"; };
		2CE687F44FFB0D4447BF16B1 /* libPods-MyGit.a */ = {isa = PBXFileReference; explicitFileType = archive.ar; includeInIndex = 0; path = "libPods-MyGit.a"; sourceTree = BUILT_PRODUCTS_DIR; };
		30969BAD54DBE07F871F6C20 /* libPods-MyGitUITests.a */ = {isa = PBXFileReference; explicitFileType = archive.ar; includeInIndex = 0; path = "libPods-MyGitUITests.a"; sourceTree = BUILT_PRODUCTS_DIR; };
		45B56C592BB6DD5EB28E0C89 /* Pods-MyGitTests.release.xcconfig */ = {isa = PBXFileReference; includeInIndex = 1; lastKnownFileType = text.xcconfig; name = "Pods-MyGitTests.release.xcconfig"; path = "Target Support Files/Pods-MyGitTests/Pods-MyGitTests.release.xcconfig"; sourceTree = "<group>"; };
		5681E9E12356D27A00000790 /* MyGit.app */ = {isa = PBXFileReference; explicitFileType = wrapper.application; includeInIndex = 0; path = MyGit.app; sourceTree = BUILT_PRODUCTS_DIR; };
		5681E9E42356D27A00000790 /* AppDelegate.h */ = {isa = PBXFileReference; lastKnownFileType = sourcecode.c.h; path = AppDelegate.h; sourceTree = "<group>"; };
		5681E9E52356D27A00000790 /* AppDelegate.m */ = {isa = PBXFileReference; lastKnownFileType = sourcecode.c.objc; path = AppDelegate.m; sourceTree = "<group>"; };
		5681E9E72356D27A00000790 /* ViewController.h */ = {isa = PBXFileReference; lastKnownFileType = sourcecode.c.h; path = ViewController.h; sourceTree = "<group>"; };
		5681E9E82356D27A00000790 /* ViewController.m */ = {isa = PBXFileReference; lastKnownFileType = sourcecode.c.objc; path = ViewController.m; sourceTree = "<group>"; };
		5681E9EB2356D27A00000790 /* Base */ = {isa = PBXFileReference; lastKnownFileType = file.storyboard; name = Base; path = Base.lproj/Main.storyboard; sourceTree = "<group>"; };
		5681E9ED2356D27F00000790 /* Assets.xcassets */ = {isa = PBXFileReference; lastKnownFileType = folder.assetcatalog; path = Assets.xcassets; sourceTree = "<group>"; };
		5681E9F02356D27F00000790 /* Base */ = {isa = PBXFileReference; lastKnownFileType = file.storyboard; name = Base; path = Base.lproj/LaunchScreen.storyboard; sourceTree = "<group>"; };
		5681E9F22356D27F00000790 /* Info.plist */ = {isa = PBXFileReference; lastKnownFileType = text.plist.xml; path = Info.plist; sourceTree = "<group>"; };
		5681E9F32356D27F00000790 /* main.m */ = {isa = PBXFileReference; lastKnownFileType = sourcecode.c.objc; path = main.m; sourceTree = "<group>"; };
		5681E9F92356D27F00000790 /* MyGitTests.xctest */ = {isa = PBXFileReference; explicitFileType = wrapper.cfbundle; includeInIndex = 0; path = MyGitTests.xctest; sourceTree = BUILT_PRODUCTS_DIR; };
		5681E9FD2356D27F00000790 /* MyGitTests.m */ = {isa = PBXFileReference; lastKnownFileType = sourcecode.c.objc; path = MyGitTests.m; sourceTree = "<group>"; };
		5681E9FF2356D27F00000790 /* Info.plist */ = {isa = PBXFileReference; lastKnownFileType = text.plist.xml; path = Info.plist; sourceTree = "<group>"; };
		5681EA042356D27F00000790 /* MyGitUITests.xctest */ = {isa = PBXFileReference; explicitFileType = wrapper.cfbundle; includeInIndex = 0; path = MyGitUITests.xctest; sourceTree = BUILT_PRODUCTS_DIR; };
		5681EA082356D27F00000790 /* MyGitUITests.m */ = {isa = PBXFileReference; lastKnownFileType = sourcecode.c.objc; path = MyGitUITests.m; sourceTree = "<group>"; };
		5681EA0A2356D27F00000790 /* Info.plist */ = {isa = PBXFileReference; lastKnownFileType = text.plist.xml; path = Info.plist; sourceTree = "<group>"; };
		CEB7A2CCC4EE995A6171218F /* libPods-MyGitTests.a */ = {isa = PBXFileReference; explicitFileType = archive.ar; includeInIndex = 0; path = "libPods-MyGitTests.a"; sourceTree = BUILT_PRODUCTS_DIR; };
		E80BAFD7BA5793330911F4D4 /* Pods-MyGit.release.xcconfig */ = {isa = PBXFileReference; includeInIndex = 1; lastKnownFileType = text.xcconfig; name = "Pods-MyGit.release.xcconfig"; path = "Target Support Files/Pods-MyGit/Pods-MyGit.release.xcconfig"; sourceTree = "<group>"; };
		F62BDE66EAFED80C32A6F7D4 /* Pods-MyGitUITests.debug.xcconfig */ = {isa = PBXFileReference; includeInIndex = 1; lastKnownFileType = text.xcconfig; name = "Pods-MyGitUITests.debug.xcconfig"; path = "Target Support Files/Pods-MyGitUITests/Pods-MyGitUITests.debug.xcconfig"; sourceTree = "<group>"; };
		FA7419310C780428E24C3C27 /* Pods-MyGitUITests.release.xcconfig */ = {isa = PBXFileReference; includeInIndex = 1; lastKnownFileType = text.xcconfig; name = "Pods-MyGitUITests.release.xcconfig"; path = "Target Support Files/Pods-MyGitUITests/Pods-MyGitUITests.release.xcconfig"; sourceTree = "<group>"; };
/* End PBXFileReference section */

/* Begin PBXFrameworksBuildPhase section */
		5681E9DE2356D27A00000790 /* Frameworks */ = {
			isa = PBXFrameworksBuildPhase;
			buildActionMask = 2147483647;
			files = (
				3BC5BED19293A30609FDDCFA /* libPods-MyGit.a in Frameworks */,
			);
			runOnlyForDeploymentPostprocessing = 0;
		};
		5681E9F62356D27F00000790 /* Frameworks */ = {
			isa = PBXFrameworksBuildPhase;
			buildActionMask = 2147483647;
			files = (
				F1AE0E116A9B6A3C48B359BB /* libPods-MyGitTests.a in Frameworks */,
			);
			runOnlyForDeploymentPostprocessing = 0;
		};
		5681EA012356D27F00000790 /* Frameworks */ = {
			isa = PBXFrameworksBuildPhase;
			buildActionMask = 2147483647;
			files = (
				B1BA14C2CC6E540A25C05705 /* libPods-MyGitUITests.a in Frameworks */,
			);
			runOnlyForDeploymentPostprocessing = 0;
		};
/* End PBXFrameworksBuildPhase section */

/* Begin PBXGroup section */
		5681E9D82356D27A00000790 = {
			isa = PBXGroup;
			children = (
				5681E9E32356D27A00000790 /* MyGit */,
				5681E9FC2356D27F00000790 /* MyGitTests */,
				5681EA072356D27F00000790 /* MyGitUITests */,
				5681E9E22356D27A00000790 /* Products */,
				6C46826280DE0F0F98CB869D /* Pods */,
				C620003F128FE156D2E88AC3 /* Frameworks */,
			);
			sourceTree = "<group>";
		};
		5681E9E22356D27A00000790 /* Products */ = {
			isa = PBXGroup;
			children = (
				5681E9E12356D27A00000790 /* MyGit.app */,
				5681E9F92356D27F00000790 /* MyGitTests.xctest */,
				5681EA042356D27F00000790 /* MyGitUITests.xctest */,
			);
			name = Products;
			sourceTree = "<group>";
		};
		5681E9E32356D27A00000790 /* MyGit */ = {
			isa = PBXGroup;
			children = (
				5681E9E42356D27A00000790 /* AppDelegate.h */,
				5681E9E52356D27A00000790 /* AppDelegate.m */,
				5681E9E72356D27A00000790 /* ViewController.h */,
				5681E9E82356D27A00000790 /* ViewController.m */,
				5681E9EA2356D27A00000790 /* Main.storyboard */,
				5681E9ED2356D27F00000790 /* Assets.xcassets */,
				5681E9EF2356D27F00000790 /* LaunchScreen.storyboard */,
				5681E9F22356D27F00000790 /* Info.plist */,
				5681E9F32356D27F00000790 /* main.m */,
			);
			path = MyGit;
			sourceTree = "<group>";
		};
		5681E9FC2356D27F00000790 /* MyGitTests */ = {
			isa = PBXGroup;
			children = (
				5681E9FD2356D27F00000790 /* MyGitTests.m */,
				5681E9FF2356D27F00000790 /* Info.plist */,
			);
			path = MyGitTests;
			sourceTree = "<group>";
		};
		5681EA072356D27F00000790 /* MyGitUITests */ = {
			isa = PBXGroup;
			children = (
				5681EA082356D27F00000790 /* MyGitUITests.m */,
				5681EA0A2356D27F00000790 /* Info.plist */,
			);
			path = MyGitUITests;
			sourceTree = "<group>";
		};
		6C46826280DE0F0F98CB869D /* Pods */ = {
			isa = PBXGroup;
			children = (
				21DB9DC320D9F8C43BB05F05 /* Pods-MyGit.debug.xcconfig */,
				E80BAFD7BA5793330911F4D4 /* Pods-MyGit.release.xcconfig */,
				0AC50BC2B152034D81E15720 /* Pods-MyGitTests.debug.xcconfig */,
				45B56C592BB6DD5EB28E0C89 /* Pods-MyGitTests.release.xcconfig */,
				F62BDE66EAFED80C32A6F7D4 /* Pods-MyGitUITests.debug.xcconfig */,
				FA7419310C780428E24C3C27 /* Pods-MyGitUITests.release.xcconfig */,
			);
			name = Pods;
			path = Pods;
			sourceTree = "<group>";
		};
		C620003F128FE156D2E88AC3 /* Frameworks */ = {
			isa = PBXGroup;
			children = (
				2CE687F44FFB0D4447BF16B1 /* libPods-MyGit.a */,
				CEB7A2CCC4EE995A6171218F /* libPods-MyGitTests.a */,
				30969BAD54DBE07F871F6C20 /* libPods-MyGitUITests.a */,
			);
			name = Frameworks;
			sourceTree = "<group>";
		};
/* End PBXGroup section */

/* Begin PBXNativeTarget section */
		5681E9E02356D27A00000790 /* MyGit */ = {
			isa = PBXNativeTarget;
			buildConfigurationList = 5681EA0D2356D27F00000790 /* Build configuration list for PBXNativeTarget "MyGit" */;
			buildPhases = (
				3721F416462FB05DBD1CE46F /* [CP] Check Pods Manifest.lock */,
				5681E9DD2356D27A00000790 /* Sources */,
				5681E9DE2356D27A00000790 /* Frameworks */,
				5681E9DF2356D27A00000790 /* Resources */,
			);
			buildRules = (
			);
			dependencies = (
			);
			name = MyGit;
			productName = MyGit;
			productReference = 5681E9E12356D27A00000790 /* MyGit.app */;
			productType = "com.apple.product-type.application";
		};
		5681E9F82356D27F00000790 /* MyGitTests */ = {
			isa = PBXNativeTarget;
			buildConfigurationList = 5681EA102356D27F00000790 /* Build configuration list for PBXNativeTarget "MyGitTests" */;
			buildPhases = (
				48DAC7B8BED2DE6F23DE2C9F /* [CP] Check Pods Manifest.lock */,
				5681E9F52356D27F00000790 /* Sources */,
				5681E9F62356D27F00000790 /* Frameworks */,
				5681E9F72356D27F00000790 /* Resources */,
			);
			buildRules = (
			);
			dependencies = (
				5681E9FB2356D27F00000790 /* PBXTargetDependency */,
			);
			name = MyGitTests;
			productName = MyGitTests;
			productReference = 5681E9F92356D27F00000790 /* MyGitTests.xctest */;
			productType = "com.apple.product-type.bundle.unit-test";
		};
		5681EA032356D27F00000790 /* MyGitUITests */ = {
			isa = PBXNativeTarget;
			buildConfigurationList = 5681EA132356D27F00000790 /* Build configuration list for PBXNativeTarget "MyGitUITests" */;
			buildPhases = (
				765050F2D787B788E9573900 /* [CP] Check Pods Manifest.lock */,
				5681EA002356D27F00000790 /* Sources */,
				5681EA012356D27F00000790 /* Frameworks */,
				5681EA022356D27F00000790 /* Resources */,
			);
			buildRules = (
			);
			dependencies = (
				5681EA062356D27F00000790 /* PBXTargetDependency */,
			);
			name = MyGitUITests;
			productName = MyGitUITests;
			productReference = 5681EA042356D27F00000790 /* MyGitUITests.xctest */;
			productType = "com.apple.product-type.bundle.ui-testing";
		};
/* End PBXNativeTarget section */

/* Begin PBXProject section */
		5681E9D92356D27A00000790 /* Project object */ = {
			isa = PBXProject;
			attributes = {
				LastUpgradeCheck = 1030;
				ORGANIZATIONNAME = yanglei;
				TargetAttributes = {
					5681E9E02356D27A00000790 = {
						CreatedOnToolsVersion = 10.3;
					};
					5681E9F82356D27F00000790 = {
						CreatedOnToolsVersion = 10.3;
						TestTargetID = 5681E9E02356D27A00000790;
					};
					5681EA032356D27F00000790 = {
						CreatedOnToolsVersion = 10.3;
						TestTargetID = 5681E9E02356D27A00000790;
					};
				};
			};
			buildConfigurationList = 5681E9DC2356D27A00000790 /* Build configuration list for PBXProject "MyGit" */;
			compatibilityVersion = "Xcode 9.3";
			developmentRegion = en;
			hasScannedForEncodings = 0;
			knownRegions = (
				en,
				Base,
			);
			mainGroup = 5681E9D82356D27A00000790;
			productRefGroup = 5681E9E22356D27A00000790 /* Products */;
			projectDirPath = "";
			projectRoot = "";
			targets = (
				5681E9E02356D27A00000790 /* MyGit */,
				5681E9F82356D27F00000790 /* MyGitTests */,
				5681EA032356D27F00000790 /* MyGitUITests */,
			);
		};
/* End PBXProject section */

/* Begin PBXResourcesBuildPhase section */
		5681E9DF2356D27A00000790 /* Resources */ = {
			isa = PBXResourcesBuildPhase;
			buildActionMask = 2147483647;
			files = (
				5681E9F12356D27F00000790 /* LaunchScreen.storyboard in Resources */,
				5681E9EE2356D27F00000790 /* Assets.xcassets in Resources */,
				5681E9EC2356D27A00000790 /* Main.storyboard in Resources */,
			);
			runOnlyForDeploymentPostprocessing = 0;
		};
		5681E9F72356D27F00000790 /* Resources */ = {
			isa = PBXResourcesBuildPhase;
			buildActionMask = 2147483647;
			files = (
			);
			runOnlyForDeploymentPostprocessing = 0;
		};
		5681EA022356D27F00000790 /* Resources */ = {
			isa = PBXResourcesBuildPhase;
			buildActionMask = 2147483647;
			files = (
			);
			runOnlyForDeploymentPostprocessing = 0;
		};
/* End PBXResourcesBuildPhase section */

/* Begin PBXShellScriptBuildPhase section */
		3721F416462FB05DBD1CE46F /* [CP] Check Pods Manifest.lock */ = {
			isa = PBXShellScriptBuildPhase;
			buildActionMask = 2147483647;
			files = (
			);
			inputFileListPaths = (
			);
			inputPaths = (
				"${PODS_PODFILE_DIR_PATH}/Podfile.lock",
				"${PODS_ROOT}/Manifest.lock",
			);
			name = "[CP] Check Pods Manifest.lock";
			outputFileListPaths = (
			);
			outputPaths = (
				"$(DERIVED_FILE_DIR)/Pods-MyGit-checkManifestLockResult.txt",
			);
			runOnlyForDeploymentPostprocessing = 0;
			shellPath = /bin/sh;
			shellScript = "diff \"${PODS_PODFILE_DIR_PATH}/Podfile.lock\" \"${PODS_ROOT}/Manifest.lock\" > /dev/null\nif [ $? != 0 ] ; then\n    # print error to STDERR\n    echo \"error: The sandbox is not in sync with the Podfile.lock. Run 'pod install' or update your CocoaPods installation.\" >&2\n    exit 1\nfi\n# This output is used by Xcode 'outputs' to avoid re-running this script phase.\necho \"SUCCESS\" > \"${SCRIPT_OUTPUT_FILE_0}\"\n";
			showEnvVarsInLog = 0;
		};
		48DAC7B8BED2DE6F23DE2C9F /* [CP] Check Pods Manifest.lock */ = {
			isa = PBXShellScriptBuildPhase;
			buildActionMask = 2147483647;
			files = (
			);
			inputFileListPaths = (
			);
			inputPaths = (
				"${PODS_PODFILE_DIR_PATH}/Podfile.lock",
				"${PODS_ROOT}/Manifest.lock",
			);
			name = "[CP] Check Pods Manifest.lock";
			outputFileListPaths = (
			);
			outputPaths = (
				"$(DERIVED_FILE_DIR)/Pods-MyGitTests-checkManifestLockResult.txt",
			);
			runOnlyForDeploymentPostprocessing = 0;
			shellPath = /bin/sh;
			shellScript = "diff \"${PODS_PODFILE_DIR_PATH}/Podfile.lock\" \"${PODS_ROOT}/Manifest.lock\" > /dev/null\nif [ $? != 0 ] ; then\n    # print error to STDERR\n    echo \"error: The sandbox is not in sync with the Podfile.lock. Run 'pod install' or update your CocoaPods installation.\" >&2\n    exit 1\nfi\n# This output is used by Xcode 'outputs' to avoid re-running this script phase.\necho \"SUCCESS\" > \"${SCRIPT_OUTPUT_FILE_0}\"\n";
			showEnvVarsInLog = 0;
		};
		765050F2D787B788E9573900 /* [CP] Check Pods Manifest.lock */ = {
			isa = PBXShellScriptBuildPhase;
			buildActionMask = 2147483647;
			files = (
			);
			inputFileListPaths = (
			);
			inputPaths = (
				"${PODS_PODFILE_DIR_PATH}/Podfile.lock",
				"${PODS_ROOT}/Manifest.lock",
			);
			name = "[CP] Check Pods Manifest.lock";
			outputFileListPaths = (
			);
			outputPaths = (
				"$(DERIVED_FILE_DIR)/Pods-MyGitUITests-checkManifestLockResult.txt",
			);
			runOnlyForDeploymentPostprocessing = 0;
			shellPath = /bin/sh;
			shellScript = "diff \"${PODS_PODFILE_DIR_PATH}/Podfile.lock\" \"${PODS_ROOT}/Manifest.lock\" > /dev/null\nif [ $? != 0 ] ; then\n    # print error to STDERR\n    echo \"error: The sandbox is not in sync with the Podfile.lock. Run 'pod install' or update your CocoaPods installation.\" >&2\n    exit 1\nfi\n# This output is used by Xcode 'outputs' to avoid re-running this script phase.\necho \"SUCCESS\" > \"${SCRIPT_OUTPUT_FILE_0}\"\n";
			showEnvVarsInLog = 0;
		};
/* End PBXShellScriptBuildPhase section */

/* Begin PBXSourcesBuildPhase section */
		5681E9DD2356D27A00000790 /* Sources */ = {
			isa = PBXSourcesBuildPhase;
			buildActionMask = 2147483647;
			files = (
				5681E9E92356D27A00000790 /* ViewController.m in Sources */,
				5681E9F42356D27F00000790 /* main.m in Sources */,
				5681E9E62356D27A00000790 /* AppDelegate.m in Sources */,
			);
			runOnlyForDeploymentPostprocessing = 0;
		};
		5681E9F52356D27F00000790 /* Sources */ = {
			isa = PBXSourcesBuildPhase;
			buildActionMask = 2147483647;
			files = (
				5681E9FE2356D27F00000790 /* MyGitTests.m in Sources */,
			);
			runOnlyForDeploymentPostprocessing = 0;
		};
		5681EA002356D27F00000790 /* Sources */ = {
			isa = PBXSourcesBuildPhase;
			buildActionMask = 2147483647;
			files = (
				5681EA092356D27F00000790 /* MyGitUITests.m in Sources */,
			);
			runOnlyForDeploymentPostprocessing = 0;
		};
/* End PBXSourcesBuildPhase section */

/* Begin PBXTargetDependency section */
		5681E9FB2356D27F00000790 /* PBXTargetDependency */ = {
			isa = PBXTargetDependency;
			target = 5681E9E02356D27A00000790 /* MyGit */;
			targetProxy = 5681E9FA2356D27F00000790 /* PBXContainerItemProxy */;
		};
		5681EA062356D27F00000790 /* PBXTargetDependency */ = {
			isa = PBXTargetDependency;
			target = 5681E9E02356D27A00000790 /* MyGit */;
			targetProxy = 5681EA052356D27F00000790 /* PBXContainerItemProxy */;
		};
/* End PBXTargetDependency section */

/* Begin PBXVariantGroup section */
		5681E9EA2356D27A00000790 /* Main.storyboard */ = {
			isa = PBXVariantGroup;
			children = (
				5681E9EB2356D27A00000790 /* Base */,
			);
			name = Main.storyboard;
			sourceTree = "<group>";
		};
		5681E9EF2356D27F00000790 /* LaunchScreen.storyboard */ = {
			isa = PBXVariantGroup;
			children = (
				5681E9F02356D27F00000790 /* Base */,
			);
			name = LaunchScreen.storyboard;
			sourceTree = "<group>";
		};
/* End PBXVariantGroup section */

/* Begin XCBuildConfiguration section */
		5681EA0B2356D27F00000790 /* Debug */ = {
			isa = XCBuildConfiguration;
			buildSettings = {
				ALWAYS_SEARCH_USER_PATHS = NO;
				CLANG_ANALYZER_NONNULL = YES;
				CLANG_ANALYZER_NUMBER_OBJECT_CONVERSION = YES_AGGRESSIVE;
				CLANG_CXX_LANGUAGE_STANDARD = "gnu++14";
				CLANG_CXX_LIBRARY = "libc++";
				CLANG_ENABLE_MODULES = YES;
				CLANG_ENABLE_OBJC_ARC = YES;
				CLANG_ENABLE_OBJC_WEAK = YES;
				CLANG_WARN_BLOCK_CAPTURE_AUTORELEASING = YES;
				CLANG_WARN_BOOL_CONVERSION = YES;
				CLANG_WARN_COMMA = YES;
				CLANG_WARN_CONSTANT_CONVERSION = YES;
				CLANG_WARN_DEPRECATED_OBJC_IMPLEMENTATIONS = YES;
				CLANG_WARN_DIRECT_OBJC_ISA_USAGE = YES_ERROR;
				CLANG_WARN_DOCUMENTATION_COMMENTS = YES;
				CLANG_WARN_EMPTY_BODY = YES;
				CLANG_WARN_ENUM_CONVERSION = YES;
				CLANG_WARN_INFINITE_RECURSION = YES;
				CLANG_WARN_INT_CONVERSION = YES;
				CLANG_WARN_NON_LITERAL_NULL_CONVERSION = YES;
				CLANG_WARN_OBJC_IMPLICIT_RETAIN_SELF = YES;
				CLANG_WARN_OBJC_LITERAL_CONVERSION = YES;
				CLANG_WARN_OBJC_ROOT_CLASS = YES_ERROR;
				CLANG_WARN_RANGE_LOOP_ANALYSIS = YES;
				CLANG_WARN_STRICT_PROTOTYPES = YES;
				CLANG_WARN_SUSPICIOUS_MOVE = YES;
				CLANG_WARN_UNGUARDED_AVAILABILITY = YES_AGGRESSIVE;
				CLANG_WARN_UNREACHABLE_CODE = YES;
				CLANG_WARN__DUPLICATE_METHOD_MATCH = YES;
				CODE_SIGN_IDENTITY = "iPhone Developer";
				COPY_PHASE_STRIP = NO;
				DEBUG_INFORMATION_FORMAT = dwarf;
				ENABLE_STRICT_OBJC_MSGSEND = YES;
				ENABLE_TESTABILITY = YES;
				GCC_C_LANGUAGE_STANDARD = gnu11;
				GCC_DYNAMIC_NO_PIC = NO;
				GCC_NO_COMMON_BLOCKS = YES;
				GCC_OPTIMIZATION_LEVEL = 0;
				GCC_PREPROCESSOR_DEFINITIONS = (
					"DEBUG=1",
					"$(inherited)",
				);
				GCC_WARN_64_TO_32_BIT_CONVERSION = YES;
				GCC_WARN_ABOUT_RETURN_TYPE = YES_ERROR;
				GCC_WARN_UNDECLARED_SELECTOR = YES;
				GCC_WARN_UNINITIALIZED_AUTOS = YES_AGGRESSIVE;
				GCC_WARN_UNUSED_FUNCTION = YES;
				GCC_WARN_UNUSED_VARIABLE = YES;
				IPHONEOS_DEPLOYMENT_TARGET = 12.4;
				MTL_ENABLE_DEBUG_INFO = INCLUDE_SOURCE;
				MTL_FAST_MATH = YES;
				ONLY_ACTIVE_ARCH = YES;
				SDKROOT = iphoneos;
			};
			name = Debug;
		};
		5681EA0C2356D27F00000790 /* Release */ = {
			isa = XCBuildConfiguration;
			buildSettings = {
				ALWAYS_SEARCH_USER_PATHS = NO;
				CLANG_ANALYZER_NONNULL = YES;
				CLANG_ANALYZER_NUMBER_OBJECT_CONVERSION = YES_AGGRESSIVE;
				CLANG_CXX_LANGUAGE_STANDARD = "gnu++14";
				CLANG_CXX_LIBRARY = "libc++";
				CLANG_ENABLE_MODULES = YES;
				CLANG_ENABLE_OBJC_ARC = YES;
				CLANG_ENABLE_OBJC_WEAK = YES;
				CLANG_WARN_BLOCK_CAPTURE_AUTORELEASING = YES;
				CLANG_WARN_BOOL_CONVERSION = YES;
				CLANG_WARN_COMMA = YES;
				CLANG_WARN_CONSTANT_CONVERSION = YES;
				CLANG_WARN_DEPRECATED_OBJC_IMPLEMENTATIONS = YES;
				CLANG_WARN_DIRECT_OBJC_ISA_USAGE = YES_ERROR;
				CLANG_WARN_DOCUMENTATION_COMMENTS = YES;
				CLANG_WARN_EMPTY_BODY = YES;
				CLANG_WARN_ENUM_CONVERSION = YES;
				CLANG_WARN_INFINITE_RECURSION = YES;
				CLANG_WARN_INT_CONVERSION = YES;
				CLANG_WARN_NON_LITERAL_NULL_CONVERSION = YES;
				CLANG_WARN_OBJC_IMPLICIT_RETAIN_SELF = YES;
				CLANG_WARN_OBJC_LITERAL_CONVERSION = YES;
				CLANG_WARN_OBJC_ROOT_CLASS = YES_ERROR;
				CLANG_WARN_RANGE_LOOP_ANALYSIS = YES;
				CLANG_WARN_STRICT_PROTOTYPES = YES;
				CLANG_WARN_SUSPICIOUS_MOVE = YES;
				CLANG_WARN_UNGUARDED_AVAILABILITY = YES_AGGRESSIVE;
				CLANG_WARN_UNREACHABLE_CODE = YES;
				CLANG_WARN__DUPLICATE_METHOD_MATCH = YES;
				CODE_SIGN_IDENTITY = "iPhone Developer";
				COPY_PHASE_STRIP = NO;
				DEBUG_INFORMATION_FORMAT = "dwarf-with-dsym";
				ENABLE_NS_ASSERTIONS = NO;
				ENABLE_STRICT_OBJC_MSGSEND = YES;
				GCC_C_LANGUAGE_STANDARD = gnu11;
				GCC_NO_COMMON_BLOCKS = YES;
				GCC_WARN_64_TO_32_BIT_CONVERSION = YES;
				GCC_WARN_ABOUT_RETURN_TYPE = YES_ERROR;
				GCC_WARN_UNDECLARED_SELECTOR = YES;
				GCC_WARN_UNINITIALIZED_AUTOS = YES_AGGRESSIVE;
				GCC_WARN_UNUSED_FUNCTION = YES;
				GCC_WARN_UNUSED_VARIABLE = YES;
				IPHONEOS_DEPLOYMENT_TARGET = 12.4;
				MTL_ENABLE_DEBUG_INFO = NO;
				MTL_FAST_MATH = YES;
				SDKROOT = iphoneos;
				VALIDATE_PRODUCT = YES;
			};
			name = Release;
		};
		5681EA0E2356D27F00000790 /* Debug */ = {
			isa = XCBuildConfiguration;
			baseConfigurationReference = 21DB9DC320D9F8C43BB05F05 /* Pods-MyGit.debug.xcconfig */;
			buildSettings = {
				ASSETCATALOG_COMPILER_APPICON_NAME = AppIcon;
				CODE_SIGN_STYLE = Automatic;
				DEVELOPMENT_TEAM = L67D8RDUZ5;
				INFOPLIST_FILE = MyGit/Info.plist;
				LD_RUNPATH_SEARCH_PATHS = (
					"$(inherited)",
					"@executable_path/Frameworks",
				);
				PRODUCT_BUNDLE_IDENTIFIER = yang.lei.MyGit;
				PRODUCT_NAME = "$(TARGET_NAME)";
				TARGETED_DEVICE_FAMILY = "1,2";
			};
			name = Debug;
		};
		5681EA0F2356D27F00000790 /* Release */ = {
			isa = XCBuildConfiguration;
			baseConfigurationReference = E80BAFD7BA5793330911F4D4 /* Pods-MyGit.release.xcconfig */;
			buildSettings = {
				ASSETCATALOG_COMPILER_APPICON_NAME = AppIcon;
				CODE_SIGN_STYLE = Automatic;
				DEVELOPMENT_TEAM = L67D8RDUZ5;
				INFOPLIST_FILE = MyGit/Info.plist;
				LD_RUNPATH_SEARCH_PATHS = (
					"$(inherited)",
					"@executable_path/Frameworks",
				);
				PRODUCT_BUNDLE_IDENTIFIER = yang.lei.MyGit;
				PRODUCT_NAME = "$(TARGET_NAME)";
				TARGETED_DEVICE_FAMILY = "1,2";
			};
			name = Release;
		};
		5681EA112356D27F00000790 /* Debug */ = {
			isa = XCBuildConfiguration;
			baseConfigurationReference = 0AC50BC2B152034D81E15720 /* Pods-MyGitTests.debug.xcconfig */;
			buildSettings = {
				BUNDLE_LOADER = "$(TEST_HOST)";
				CODE_SIGN_STYLE = Automatic;
				INFOPLIST_FILE = MyGitTests/Info.plist;
				LD_RUNPATH_SEARCH_PATHS = (
					"$(inherited)",
					"@executable_path/Frameworks",
					"@loader_path/Frameworks",
				);
				PRODUCT_BUNDLE_IDENTIFIER = yang.lei.MyGitTests;
				PRODUCT_NAME = "$(TARGET_NAME)";
				TARGETED_DEVICE_FAMILY = "1,2";
				TEST_HOST = "$(BUILT_PRODUCTS_DIR)/MyGit.app/MyGit";
			};
			name = Debug;
		};
		5681EA122356D27F00000790 /* Release */ = {
			isa = XCBuildConfiguration;
			baseConfigurationReference = 45B56C592BB6DD5EB28E0C89 /* Pods-MyGitTests.release.xcconfig */;
			buildSettings = {
				BUNDLE_LOADER = "$(TEST_HOST)";
				CODE_SIGN_STYLE = Automatic;
				INFOPLIST_FILE = MyGitTests/Info.plist;
				LD_RUNPATH_SEARCH_PATHS = (
					"$(inherited)",
					"@executable_path/Frameworks",
					"@loader_path/Frameworks",
				);
				PRODUCT_BUNDLE_IDENTIFIER = yang.lei.MyGitTests;
				PRODUCT_NAME = "$(TARGET_NAME)";
				TARGETED_DEVICE_FAMILY = "1,2";
				TEST_HOST = "$(BUILT_PRODUCTS_DIR)/MyGit.app/MyGit";
			};
			name = Release;
		};
		5681EA142356D27F00000790 /* Debug */ = {
			isa = XCBuildConfiguration;
			baseConfigurationReference = F62BDE66EAFED80C32A6F7D4 /* Pods-MyGitUITests.debug.xcconfig */;
			buildSettings = {
				CODE_SIGN_STYLE = Automatic;
				INFOPLIST_FILE = MyGitUITests/Info.plist;
				LD_RUNPATH_SEARCH_PATHS = (
					"$(inherited)",
					"@executable_path/Frameworks",
					"@loader_path/Frameworks",
				);
				PRODUCT_BUNDLE_IDENTIFIER = yang.lei.MyGitUITests;
				PRODUCT_NAME = "$(TARGET_NAME)";
				TARGETED_DEVICE_FAMILY = "1,2";
				TEST_TARGET_NAME = MyGit;
			};
			name = Debug;
		};
		5681EA152356D27F00000790 /* Release */ = {
			isa = XCBuildConfiguration;
			baseConfigurationReference = FA7419310C780428E24C3C27 /* Pods-MyGitUITests.release.xcconfig */;
			buildSettings = {
				CODE_SIGN_STYLE = Automatic;
				INFOPLIST_FILE = MyGitUITests/Info.plist;
				LD_RUNPATH_SEARCH_PATHS = (
					"$(inherited)",
					"@executable_path/Frameworks",
					"@loader_path/Frameworks",
				);
				PRODUCT_BUNDLE_IDENTIFIER = yang.lei.MyGitUITests;
				PRODUCT_NAME = "$(TARGET_NAME)";
				TARGETED_DEVICE_FAMILY = "1,2";
				TEST_TARGET_NAME = MyGit;
			};
			name = Release;
		};
/* End XCBuildConfiguration section */

/* Begin XCConfigurationList section */
		5681E9DC2356D27A00000790 /* Build configuration list for PBXProject "MyGit" */ = {
			isa = XCConfigurationList;
			buildConfigurations = (
				5681EA0B2356D27F00000790 /* Debug */,
				5681EA0C2356D27F00000790 /* Release */,
			);
			defaultConfigurationIsVisible = 0;
			defaultConfigurationName = Release;
		};
		5681EA0D2356D27F00000790 /* Build configuration list for PBXNativeTarget "MyGit" */ = {
			isa = XCConfigurationList;
			buildConfigurations = (
				5681EA0E2356D27F00000790 /* Debug */,
				5681EA0F2356D27F00000790 /* Release */,
			);
			defaultConfigurationIsVisible = 0;
			defaultConfigurationName = Release;
		};
		5681EA102356D27F00000790 /* Build configuration list for PBXNativeTarget "MyGitTests" */ = {
			isa = XCConfigurationList;
			buildConfigurations = (
				5681EA112356D27F00000790 /* Debug */,
				5681EA122356D27F00000790 /* Release */,
			);
			defaultConfigurationIsVisible = 0;
			defaultConfigurationName = Release;
		};
		5681EA132356D27F00000790 /* Build configuration list for PBXNativeTarget "MyGitUITests" */ = {
			isa = XCConfigurationList;
			buildConfigurations = (
				5681EA142356D27F00000790 /* Debug */,
				5681EA152356D27F00000790 /* Release */,
			);
			defaultConfigurationIsVisible = 0;
			defaultConfigurationName = Release;
		};
/* End XCConfigurationList section */
	};
	rootObject = 5681E9D92356D27A00000790 /* Project object */;
}
